
Microsoft Visual Studio Solution File, Format Version 12.00
# Visual Studio Version 16
VisualStudioVersion = 16.0.31205.134
MinimumVisualStudioVersion = 10.0.40219.1
Project("{FAE04EC0-301F-11D3-BF4B-00C04F79EFBC}") = "DnSvc", "dnsvc\DnSvc.csproj", "{E94A3CCD-E918-4A3D-B5BB-7D1223C74B76}"
EndProject
Project("{54435603-DBB4-11D2-8724-00A0C9A8B90C}") = "DnSvcSetup", "dnsvcsetup\DnSvcSetup.vdproj", "{C5D14496-B1A0-4461-8C17-BD476885645F}"
EndProject
Project("{FAE04EC0-301F-11D3-BF4B-00C04F79EFBC}") = "DnSvc.Core", "dnsvc.core\DnSvc.Core.csproj", "{E24A5FDA-F76E-4CDD-BBF8-DB2D4C971AF9}"
EndProject
Project("{FAE04EC0-301F-11D3-BF4B-00C04F79EFBC}") = "DnSvc.Work", "dnsvc.work\DnSvc.Work.csproj", "{813C12A3-58B7-4F73-B1B4-7BCAB77A740A}"
EndProject
Project("{54435603-DBB4-11D2-8724-00A0C9A8B90C}") = "DnSvcSetup.Dev", "dnsvcsetup.dev\DnSvcSetup.Dev.vdproj", "{73825F4F-D348-441A-A668-C9663E91595C}"
EndProject
Global
	GlobalSection(SolutionConfigurationPlatforms) = preSolution
		Debug|Any CPU = Debug|Any CPU
		Release|Any CPU = Release|Any CPU
	EndGlobalSection
	GlobalSection(ProjectConfigurationPlatforms) = postSolution
		{E94A3CCD-E918-4A3D-B5BB-7D1223C74B76}.Debug|Any CPU.ActiveCfg = Debug|Any CPU
		{E94A3CCD-E918-4A3D-B5BB-7D1223C74B76}.Debug|Any CPU.Build.0 = Debug|Any CPU
		{E94A3CCD-E918-4A3D-B5BB-7D1223C74B76}.Release|Any CPU.ActiveCfg = Release|Any CPU
		{E94A3CCD-E918-4A3D-B5BB-7D1223C74B76}.Release|Any CPU.Build.0 = Release|Any CPU
		{C5D14496-B1A0-4461-8C17-BD476885645F}.Debug|Any CPU.ActiveCfg = Debug
		{C5D14496-B1A0-4461-8C17-BD476885645F}.Release|Any CPU.ActiveCfg = Release
		{E24A5FDA-F76E-4CDD-BBF8-DB2D4C971AF9}.Debug|Any CPU.ActiveCfg = Debug|Any CPU
		{E24A5FDA-F76E-4CDD-BBF8-DB2D4C971AF9}.Debug|Any CPU.Build.0 = Debug|Any CPU
		{E24A5FDA-F76E-4CDD-BBF8-DB2D4C971AF9}.Release|Any CPU.ActiveCfg = Release|Any CPU
		{E24A5FDA-F76E-4CDD-BBF8-DB2D4C971AF9}.Release|Any CPU.Build.0 = Release|Any CPU
		{813C12A3-58B7-4F73-B1B4-7BCAB77A740A}.Debug|Any CPU.ActiveCfg = Debug|Any CPU
		{813C12A3-58B7-4F73-B1B4-7BCAB77A740A}.Debug|Any CPU.Build.0 = Debug|Any CPU
		{813C12A3-58B7-4F73-B1B4-7BCAB77A740A}.Release|Any CPU.ActiveCfg = Release|Any CPU
		{813C12A3-58B7-4F73-B1B4-7BCAB77A740A}.Release|Any CPU.Build.0 = Release|Any CPU
		{73825F4F-D348-441A-A668-C9663E91595C}.Debug|Any CPU.ActiveCfg = Debug
		{73825F4F-D348-441A-A668-C9663E91595C}.Debug|Any CPU.Build.0 = Debug
		{73825F4F-D348-441A-A668-C9663E91595C}.Release|Any CPU.ActiveCfg = Release
		{73825F4F-D348-441A-A668-C9663E91595C}.Release|Any CPU.Build.0 = Release
	EndGlobalSection
	GlobalSection(SolutionProperties) = preSolution
		HideSolutionNode = FALSE
	EndGlobalSection
	GlobalSection(ExtensibilityGlobals) = postSolution
		SolutionGuid = {D67D4DD7-025A-471B-81C2-E5B81CE8ED92}
	EndGlobalSection
EndGlobal
